{
    "_readme": [
        "This file locks the dependencies of your project to a known state",
        "Read more about it at https://getcomposer.org/doc/01-basic-usage.md#composer-lock-the-lock-file",
        "This file is @generated automatically"
    ],
    "content-hash": "82212fe7782e57c972c5b33802267d7c",
    "packages": [
        {
            "name": "indieauth/client",
            "version": "0.4.1",
            "source": {
                "type": "git",
                "url": "https://github.com/indieweb/indieauth-client-php.git",
                "reference": "3e47004ccfccddc5760639f4faf9ed5ceadb460e"
            },
            "dist": {
                "type": "zip",
                "url": "https://api.github.com/repos/indieweb/indieauth-client-php/zipball/3e47004ccfccddc5760639f4faf9ed5ceadb460e",
                "reference": "3e47004ccfccddc5760639f4faf9ed5ceadb460e",
                "shasum": ""
            },
            "require": {
                "indieweb/representative-h-card": "^0.1.2",
                "mf2/mf2": ">=0.3.2",
                "p3k/http": ">=0.1.6",
                "php": ">5.3.0"
            },
            "require-dev": {
                "phpunit/phpunit": "4.8.*"
            },
            "type": "library",
            "autoload": {
                "psr-0": {
                    "IndieAuth": "src/"
                }
            },
            "notification-url": "https://packagist.org/downloads/",
            "license": [
                "Apache-2.0"
            ],
            "authors": [
                {
                    "name": "Aaron Parecki",
                    "homepage": "https://aaronparecki.com"
                }
            ],
            "description": "IndieAuth Client Library",
            "time": "2018-03-13T23:39:55+00:00"
        },
        {
            "name": "indieweb/link-rel-parser",
            "version": "0.1.3",
            "source": {
                "type": "git",
                "url": "https://github.com/indieweb/link-rel-parser-php.git",
                "reference": "295420e4f16d9a9d262a3c25a7a583794428f055"
            },
            "dist": {
                "type": "zip",
                "url": "https://api.github.com/repos/indieweb/link-rel-parser-php/zipball/295420e4f16d9a9d262a3c25a7a583794428f055",
                "reference": "295420e4f16d9a9d262a3c25a7a583794428f055",
                "shasum": ""
            },
            "require": {
                "php": ">=5.3.0"
            },
            "type": "library",
            "autoload": {
                "files": [
                    "src/IndieWeb/link_rel_parser.php"
                ]
            },
            "notification-url": "https://packagist.org/downloads/",
            "license": [
                "Apache-2.0"
            ],
            "authors": [
                {
                    "name": "Aaron Parecki",
                    "homepage": "http://aaronparecki.com"
                },
                {
                    "name": "Tantek Çelik",
                    "homepage": "http://tantek.com"
                }
            ],
            "description": "Parse rel values from HTTP headers",
            "homepage": "https://github.com/indieweb/link-rel-parser-php",
            "keywords": [
                "http",
                "indieweb",
                "microformats2"
            ],
            "time": "2017-01-11T17:14:49+00:00"
        },
        {
            "name": "indieweb/representative-h-card",
            "version": "0.1.2",
            "source": {
                "type": "git",
                "url": "https://github.com/indieweb/representative-h-card-php.git",
                "reference": "b70b01bd0dd7f2a940602137335dbf46ab6e2e38"
            },
            "dist": {
                "type": "zip",
                "url": "https://api.github.com/repos/indieweb/representative-h-card-php/zipball/b70b01bd0dd7f2a940602137335dbf46ab6e2e38",
                "reference": "b70b01bd0dd7f2a940602137335dbf46ab6e2e38",
                "shasum": ""
            },
            "require": {
                "php": ">=5.4"
            },
            "require-dev": {
                "mf2/mf2": "0.2.*",
                "phpunit/phpunit": "*"
            },
            "type": "library",
            "autoload": {
                "files": [
                    "src/mf2/representative-h-card.php"
                ]
            },
            "notification-url": "https://packagist.org/downloads/",
            "license": [
                "Apache-2.0"
            ],
            "authors": [
                {
                    "name": "Aaron Parecki",
                    "homepage": "http://aaronparecki.com"
                }
            ],
            "keywords": [
                "h-card",
                "indieweb",
                "mf2",
                "microformats"
            ],
            "time": "2015-12-23T18:11:19+00:00"
        },
        {
            "name": "mf2/mf2",
            "version": "v0.4.3",
            "source": {
                "type": "git",
                "url": "https://github.com/indieweb/php-mf2.git",
                "reference": "5c056e81f48b71130dab98de755683bb2b7e7615"
            },
            "dist": {
                "type": "zip",
                "url": "https://api.github.com/repos/indieweb/php-mf2/zipball/5c056e81f48b71130dab98de755683bb2b7e7615",
                "reference": "5c056e81f48b71130dab98de755683bb2b7e7615",
                "shasum": ""
            },
            "require": {
                "php": ">=5.4.0"
            },
            "require-dev": {
                "mf2/tests": "@dev",
                "phpdocumentor/phpdocumentor": "v2.8.4",
                "phpunit/phpunit": "4.8.*"
            },
            "suggest": {
                "barnabywalters/mf-cleaner": "To more easily handle the canonical data php-mf2 gives you",
                "masterminds/html5": "Alternative HTML parser for PHP, for better HTML5 support."
            },
            "bin": [
                "bin/fetch-mf2",
                "bin/parse-mf2"
            ],
            "type": "library",
            "autoload": {
                "files": [
                    "Mf2/Parser.php"
                ]
            },
            "notification-url": "https://packagist.org/downloads/",
            "license": [
                "CC0-1.0"
            ],
            "authors": [
                {
                    "name": "Barnaby Walters",
                    "homepage": "http://waterpigs.co.uk"
                }
            ],
            "description": "A pure, generic microformats2 parser — makes HTML as easy to consume as a JSON API",
            "keywords": [
                "html",
                "microformats",
                "microformats 2",
                "parser",
                "semantic"
            ],
            "time": "2018-03-29T17:54:32+00:00"
        },
        {
            "name": "p3k/http",
            "version": "0.1.7",
            "source": {
                "type": "git",
                "url": "https://github.com/aaronpk/p3k-http.git",
                "reference": "1826647c4902a18dea5ec532f21509ba4d51210b"
            },
            "dist": {
                "type": "zip",
                "url": "https://api.github.com/repos/aaronpk/p3k-http/zipball/1826647c4902a18dea5ec532f21509ba4d51210b",
                "reference": "1826647c4902a18dea5ec532f21509ba4d51210b",
                "shasum": ""
            },
            "require": {
                "indieweb/link-rel-parser": "0.1.*",
                "mf2/mf2": ">=0.3.2"
            },
            "type": "library",
            "autoload": {
                "psr-4": {
                    "p3k\\": "src/p3k"
                }
            },
            "notification-url": "https://packagist.org/downloads/",
            "license": [
                "MIT"
            ],
            "authors": [
                {
                    "name": "Aaron Parecki",
                    "homepage": "https://aaronparecki.com"
                }
            ],
            "description": "A simple wrapper API around the PHP curl functions",
            "homepage": "https://github.com/aaronpk/p3k-http",
            "time": "2018-03-04T15:21:58+00:00"
        },
        {
            "name": "phpxmlrpc/phpxmlrpc",
            "version": "4.3.1",
            "source": {
                "type": "git",
                "url": "https://github.com/gggeek/phpxmlrpc.git",
                "reference": "95f8828db62a6cb0e7a725136e75f12536892082"
            },
            "dist": {
                "type": "zip",
                "url": "https://api.github.com/repos/gggeek/phpxmlrpc/zipball/95f8828db62a6cb0e7a725136e75f12536892082",
                "reference": "95f8828db62a6cb0e7a725136e75f12536892082",
                "shasum": ""
            },
            "require": {
                "ext-xml": "*",
                "php": ">=5.3.0"
            },
            "require-dev": {
                "codeclimate/php-test-reporter": "dev-master",
                "docbook/docbook-xsl": "~1.78",
                "ext-curl": "*",
                "ext-mbstring": "*",
                "indeyets/pake": "~1.99",
                "phpunit/phpunit": ">=4.0.0, <6.0.0",
                "phpunit/phpunit-selenium": "*",
                "sami/sami": "~3.1"
            },
            "suggest": {
                "ext-curl": "Needed for HTTPS and HTTP 1.1 support, NTLM Auth etc...",
                "ext-mbstring": "Needed to allow reception of requests/responses in character sets other than ASCII,LATIN-1,UTF-8",
                "ext-zlib": "Needed for sending compressed requests and receiving compressed responses, if cURL is not available"
            },
            "type": "library",
            "autoload": {
                "psr-4": {
                    "PhpXmlRpc\\": "src/"
                }
            },
            "notification-url": "https://packagist.org/downloads/",
            "license": [
                "BSD-3-Clause"
            ],
            "description": "A php library for building xmlrpc clients and servers",
            "homepage": "http://gggeek.github.io/phpxmlrpc/",
            "keywords": [
                "webservices",
                "xmlrpc"
            ],
            "time": "2018-01-20T15:17:09+00:00"
        }
    ],
    "packages-dev": [],
    "aliases": [],
    "minimum-stability": "stable",
    "stability-flags": [],
    "prefer-stable": false,
    "prefer-lowest": false,
    "platform": [],
    "platform-dev": []
}
